
Microsoft Visual Studio Solution File, Format Version 12.00
# Visual Studio Version 17
VisualStudioVersion = 17.5.33424.131
MinimumVisualStudioVersion = 10.0.40219.1
Project("{FAE04EC0-301F-11D3-BF4B-00C04F79EFBC}") = "LearningCsharp", "LearningCsharp.csproj", "{92B184E1-0510-4B92-A78A-1D13F2EC8C44}"
EndProject
Global
	GlobalSection(SolutionConfigurationPlatforms) = preSolution
		Debug|Any CPU = Debug|Any CPU
		Release|Any CPU = Release|Any CPU
	EndGlobalSection
	GlobalSection(ProjectConfigurationPlatforms) = postSolution
		{92B184E1-0510-4B92-A78A-1D13F2EC8C44}.Debug|Any CPU.ActiveCfg = Debug|Any CPU
		{92B184E1-0510-4B92-A78A-1D13F2EC8C44}.Debug|Any CPU.Build.0 = Debug|Any CPU
		{92B184E1-0510-4B92-A78A-1D13F2EC8C44}.Release|Any CPU.ActiveCfg = Release|Any CPU
		{92B184E1-0510-4B92-A78A-1D13F2EC8C44}.Release|Any CPU.Build.0 = Release|Any CPU
	EndGlobalSection
	GlobalSection(SolutionProperties) = preSolution
		HideSolutionNode = FALSE
	EndGlobalSection
	GlobalSection(ExtensibilityGlobals) = postSolution
		SolutionGuid = {EC0BF7C5-71DE-4E1A-ADCE-EA3E2A674C3E}
	EndGlobalSection
EndGlobal
